
Microsoft Visual Studio Solution File, Format Version 12.00
Project("{2150E333-8FDC-42A3-9474-1A3956D46DE8}") = "Sorting", "Sorting", "{B09F93FA-2BD6-4E64-9D95-C15B82A80399}"
EndProject
Project("{FAE04EC0-301F-11D3-BF4B-00C04F79EFBC}") = "SelectionSort", "Sorting\SelectionSort\SelectionSort.csproj", "{50F06F40-A9F9-4000-AB58-E6EDF1A94AA7}"
EndProject
Project("{FAE04EC0-301F-11D3-BF4B-00C04F79EFBC}") = "Quicksort", "Sorting\Quicksort\Quicksort.csproj", "{DE0908CF-34C9-4C05-8A47-256333B73A59}"
EndProject
Project("{FAE04EC0-301F-11D3-BF4B-00C04F79EFBC}") = "EuclideanAlgorithm", "EuclideanAlgorithm\EuclideanAlgorithm.csproj", "{E0201459-FD81-4B42-9193-66CBEAE094C0}"
EndProject
Project("{2150E333-8FDC-42A3-9474-1A3956D46DE8}") = "Graph", "Graph", "{1260E0FE-0BEF-4DA3-82D7-8A281967D9E9}"
EndProject
Project("{FAE04EC0-301F-11D3-BF4B-00C04F79EFBC}") = "BreadthFirstSearch", "Graph\BreadthFirstSearch\BreadthFirstSearch.csproj", "{DAC398A7-CD35-4959-9DE0-F2F145D5176D}"
EndProject
Project("{2150E333-8FDC-42A3-9474-1A3956D46DE8}") = "Search", "Search", "{4EB53428-ADCB-4649-8C9D-3C992BCA5864}"
EndProject
Project("{FAE04EC0-301F-11D3-BF4B-00C04F79EFBC}") = "BinarySearch", "Search\BinarySearch\BinarySearch.csproj", "{A165C13B-DFD8-4BBB-9167-15BABE131A50}"
EndProject
Project("{FAE04EC0-301F-11D3-BF4B-00C04F79EFBC}") = "LinearSearch", "Search\LinearSearch\LinearSearch.csproj", "{3A8234F8-A5B6-42EE-8EF7-9438A02B7A99}"
EndProject
Project("{FAE04EC0-301F-11D3-BF4B-00C04F79EFBC}") = "InterpolationSearch", "Search\InterpolationSearch\InterpolationSearch.csproj", "{47257F75-02FC-478B-84A6-BF35A4BA18F1}"
EndProject
Project("{FAE04EC0-301F-11D3-BF4B-00C04F79EFBC}") = "InsertionSort", "Sorting\InsertionSort\InsertionSort.csproj", "{2AF5A494-664D-4008-96C6-BA3AE421F3D3}"
EndProject
Project("{FAE04EC0-301F-11D3-BF4B-00C04F79EFBC}") = "BubbleSort", "Sorting\BubbleSort\BubbleSort.csproj", "{AB4CEDB6-1396-4251-B369-0438851A736F}"
EndProject
Project("{FAE04EC0-301F-11D3-BF4B-00C04F79EFBC}") = "MergeSort", "Sorting\MergeSort\MergeSort.csproj", "{01AC3F9A-DCB7-4444-8D0D-657F44ECB482}"
EndProject
Project("{FAE04EC0-301F-11D3-BF4B-00C04F79EFBC}") = "DepthFirstSearch", "Graph\DepthFirstSearch\DepthFirstSearch.csproj", "{7DF69C78-7726-4D42-A307-5CC07CE18D46}"
EndProject
Project("{FAE04EC0-301F-11D3-BF4B-00C04F79EFBC}") = "HeapSort", "Sorting\HeapSort\HeapSort.csproj", "{D72013F4-7994-4359-81DB-ADC79BB5D0D9}"
EndProject
Project("{FAE04EC0-301F-11D3-BF4B-00C04F79EFBC}") = "CountingSort", "Sorting\CountingSort\CountingSort.csproj", "{B2B4DEC0-BF60-49F9-956F-C5D01541A311}"
EndProject
Global
	GlobalSection(SolutionConfigurationPlatforms) = preSolution
		Debug|Any CPU = Debug|Any CPU
		Release|Any CPU = Release|Any CPU
	EndGlobalSection
	GlobalSection(ProjectConfigurationPlatforms) = postSolution
		{50F06F40-A9F9-4000-AB58-E6EDF1A94AA7}.Debug|Any CPU.ActiveCfg = Debug|Any CPU
		{50F06F40-A9F9-4000-AB58-E6EDF1A94AA7}.Debug|Any CPU.Build.0 = Debug|Any CPU
		{50F06F40-A9F9-4000-AB58-E6EDF1A94AA7}.Release|Any CPU.ActiveCfg = Release|Any CPU
		{50F06F40-A9F9-4000-AB58-E6EDF1A94AA7}.Release|Any CPU.Build.0 = Release|Any CPU
		{DE0908CF-34C9-4C05-8A47-256333B73A59}.Debug|Any CPU.ActiveCfg = Debug|Any CPU
		{DE0908CF-34C9-4C05-8A47-256333B73A59}.Debug|Any CPU.Build.0 = Debug|Any CPU
		{DE0908CF-34C9-4C05-8A47-256333B73A59}.Release|Any CPU.ActiveCfg = Release|Any CPU
		{DE0908CF-34C9-4C05-8A47-256333B73A59}.Release|Any CPU.Build.0 = Release|Any CPU
		{E0201459-FD81-4B42-9193-66CBEAE094C0}.Debug|Any CPU.ActiveCfg = Debug|Any CPU
		{E0201459-FD81-4B42-9193-66CBEAE094C0}.Debug|Any CPU.Build.0 = Debug|Any CPU
		{E0201459-FD81-4B42-9193-66CBEAE094C0}.Release|Any CPU.ActiveCfg = Release|Any CPU
		{E0201459-FD81-4B42-9193-66CBEAE094C0}.Release|Any CPU.Build.0 = Release|Any CPU
		{DAC398A7-CD35-4959-9DE0-F2F145D5176D}.Debug|Any CPU.ActiveCfg = Debug|Any CPU
		{DAC398A7-CD35-4959-9DE0-F2F145D5176D}.Debug|Any CPU.Build.0 = Debug|Any CPU
		{DAC398A7-CD35-4959-9DE0-F2F145D5176D}.Release|Any CPU.ActiveCfg = Release|Any CPU
		{DAC398A7-CD35-4959-9DE0-F2F145D5176D}.Release|Any CPU.Build.0 = Release|Any CPU
		{A165C13B-DFD8-4BBB-9167-15BABE131A50}.Debug|Any CPU.ActiveCfg = Debug|Any CPU
		{A165C13B-DFD8-4BBB-9167-15BABE131A50}.Debug|Any CPU.Build.0 = Debug|Any CPU
		{A165C13B-DFD8-4BBB-9167-15BABE131A50}.Release|Any CPU.ActiveCfg = Release|Any CPU
		{A165C13B-DFD8-4BBB-9167-15BABE131A50}.Release|Any CPU.Build.0 = Release|Any CPU
		{3A8234F8-A5B6-42EE-8EF7-9438A02B7A99}.Debug|Any CPU.ActiveCfg = Debug|Any CPU
		{3A8234F8-A5B6-42EE-8EF7-9438A02B7A99}.Debug|Any CPU.Build.0 = Debug|Any CPU
		{3A8234F8-A5B6-42EE-8EF7-9438A02B7A99}.Release|Any CPU.ActiveCfg = Release|Any CPU
		{3A8234F8-A5B6-42EE-8EF7-9438A02B7A99}.Release|Any CPU.Build.0 = Release|Any CPU
		{47257F75-02FC-478B-84A6-BF35A4BA18F1}.Debug|Any CPU.ActiveCfg = Debug|Any CPU
		{47257F75-02FC-478B-84A6-BF35A4BA18F1}.Debug|Any CPU.Build.0 = Debug|Any CPU
		{47257F75-02FC-478B-84A6-BF35A4BA18F1}.Release|Any CPU.ActiveCfg = Release|Any CPU
		{47257F75-02FC-478B-84A6-BF35A4BA18F1}.Release|Any CPU.Build.0 = Release|Any CPU
		{2AF5A494-664D-4008-96C6-BA3AE421F3D3}.Debug|Any CPU.ActiveCfg = Debug|Any CPU
		{2AF5A494-664D-4008-96C6-BA3AE421F3D3}.Debug|Any CPU.Build.0 = Debug|Any CPU
		{2AF5A494-664D-4008-96C6-BA3AE421F3D3}.Release|Any CPU.ActiveCfg = Release|Any CPU
		{2AF5A494-664D-4008-96C6-BA3AE421F3D3}.Release|Any CPU.Build.0 = Release|Any CPU
		{AB4CEDB6-1396-4251-B369-0438851A736F}.Debug|Any CPU.ActiveCfg = Debug|Any CPU
		{AB4CEDB6-1396-4251-B369-0438851A736F}.Debug|Any CPU.Build.0 = Debug|Any CPU
		{AB4CEDB6-1396-4251-B369-0438851A736F}.Release|Any CPU.ActiveCfg = Release|Any CPU
		{AB4CEDB6-1396-4251-B369-0438851A736F}.Release|Any CPU.Build.0 = Release|Any CPU
		{01AC3F9A-DCB7-4444-8D0D-657F44ECB482}.Debug|Any CPU.ActiveCfg = Debug|Any CPU
		{01AC3F9A-DCB7-4444-8D0D-657F44ECB482}.Debug|Any CPU.Build.0 = Debug|Any CPU
		{01AC3F9A-DCB7-4444-8D0D-657F44ECB482}.Release|Any CPU.ActiveCfg = Release|Any CPU
		{01AC3F9A-DCB7-4444-8D0D-657F44ECB482}.Release|Any CPU.Build.0 = Release|Any CPU
		{7DF69C78-7726-4D42-A307-5CC07CE18D46}.Debug|Any CPU.ActiveCfg = Debug|Any CPU
		{7DF69C78-7726-4D42-A307-5CC07CE18D46}.Debug|Any CPU.Build.0 = Debug|Any CPU
		{7DF69C78-7726-4D42-A307-5CC07CE18D46}.Release|Any CPU.ActiveCfg = Release|Any CPU
		{7DF69C78-7726-4D42-A307-5CC07CE18D46}.Release|Any CPU.Build.0 = Release|Any CPU
		{D72013F4-7994-4359-81DB-ADC79BB5D0D9}.Debug|Any CPU.ActiveCfg = Debug|Any CPU
		{D72013F4-7994-4359-81DB-ADC79BB5D0D9}.Debug|Any CPU.Build.0 = Debug|Any CPU
		{D72013F4-7994-4359-81DB-ADC79BB5D0D9}.Release|Any CPU.ActiveCfg = Release|Any CPU
		{D72013F4-7994-4359-81DB-ADC79BB5D0D9}.Release|Any CPU.Build.0 = Release|Any CPU
		{B2B4DEC0-BF60-49F9-956F-C5D01541A311}.Debug|Any CPU.ActiveCfg = Debug|Any CPU
		{B2B4DEC0-BF60-49F9-956F-C5D01541A311}.Debug|Any CPU.Build.0 = Debug|Any CPU
		{B2B4DEC0-BF60-49F9-956F-C5D01541A311}.Release|Any CPU.ActiveCfg = Release|Any CPU
		{B2B4DEC0-BF60-49F9-956F-C5D01541A311}.Release|Any CPU.Build.0 = Release|Any CPU
	EndGlobalSection
	GlobalSection(NestedProjects) = preSolution
		{50F06F40-A9F9-4000-AB58-E6EDF1A94AA7} = {B09F93FA-2BD6-4E64-9D95-C15B82A80399}
		{DE0908CF-34C9-4C05-8A47-256333B73A59} = {B09F93FA-2BD6-4E64-9D95-C15B82A80399}
		{DAC398A7-CD35-4959-9DE0-F2F145D5176D} = {1260E0FE-0BEF-4DA3-82D7-8A281967D9E9}
		{A165C13B-DFD8-4BBB-9167-15BABE131A50} = {4EB53428-ADCB-4649-8C9D-3C992BCA5864}
		{3A8234F8-A5B6-42EE-8EF7-9438A02B7A99} = {4EB53428-ADCB-4649-8C9D-3C992BCA5864}
		{47257F75-02FC-478B-84A6-BF35A4BA18F1} = {4EB53428-ADCB-4649-8C9D-3C992BCA5864}
		{2AF5A494-664D-4008-96C6-BA3AE421F3D3} = {B09F93FA-2BD6-4E64-9D95-C15B82A80399}
		{AB4CEDB6-1396-4251-B369-0438851A736F} = {B09F93FA-2BD6-4E64-9D95-C15B82A80399}
		{01AC3F9A-DCB7-4444-8D0D-657F44ECB482} = {B09F93FA-2BD6-4E64-9D95-C15B82A80399}
		{7DF69C78-7726-4D42-A307-5CC07CE18D46} = {1260E0FE-0BEF-4DA3-82D7-8A281967D9E9}
		{D72013F4-7994-4359-81DB-ADC79BB5D0D9} = {B09F93FA-2BD6-4E64-9D95-C15B82A80399}
		{B2B4DEC0-BF60-49F9-956F-C5D01541A311} = {B09F93FA-2BD6-4E64-9D95-C15B82A80399}
	EndGlobalSection
EndGlobal
