
Microsoft Visual Studio Solution File, Format Version 12.00
Project("{FAE04EC0-301F-11D3-BF4B-00C04F79EFBC}") = "BinarySearch", "BinarySearch\BinarySearch.csproj", "{3AAB5622-8C86-4F77-A417-A5A1DE4B188F}"
EndProject
Global
	GlobalSection(SolutionConfigurationPlatforms) = preSolution
		Debug|Any CPU = Debug|Any CPU
		Release|Any CPU = Release|Any CPU
	EndGlobalSection
	GlobalSection(ProjectConfigurationPlatforms) = postSolution
		{3AAB5622-8C86-4F77-A417-A5A1DE4B188F}.Debug|Any CPU.ActiveCfg = Debug|Any CPU
		{3AAB5622-8C86-4F77-A417-A5A1DE4B188F}.Debug|Any CPU.Build.0 = Debug|Any CPU
		{3AAB5622-8C86-4F77-A417-A5A1DE4B188F}.Release|Any CPU.ActiveCfg = Release|Any CPU
		{3AAB5622-8C86-4F77-A417-A5A1DE4B188F}.Release|Any CPU.Build.0 = Release|Any CPU
	EndGlobalSection
EndGlobal
